
Microsoft Visual Studio Solution File, Format Version 12.00
# Visual Studio Version 16
VisualStudioVersion = 16.0.31702.278
MinimumVisualStudioVersion = 10.0.40219.1
Project("{FAE04EC0-301F-11D3-BF4B-00C04F79EFBC}") = "Punto15_sancer", "Punto15_sancer\Punto15_sancer.csproj", "{CEE5F1AF-1CE3-4022-9E0B-8AE98FE02140}"
EndProject
Global
	GlobalSection(SolutionConfigurationPlatforms) = preSolution
		Debug|Any CPU = Debug|Any CPU
		Release|Any CPU = Release|Any CPU
	EndGlobalSection
	GlobalSection(ProjectConfigurationPlatforms) = postSolution
		{CEE5F1AF-1CE3-4022-9E0B-8AE98FE02140}.Debug|Any CPU.ActiveCfg = Debug|Any CPU
		{CEE5F1AF-1CE3-4022-9E0B-8AE98FE02140}.Debug|Any CPU.Build.0 = Debug|Any CPU
		{CEE5F1AF-1CE3-4022-9E0B-8AE98FE02140}.Release|Any CPU.ActiveCfg = Release|Any CPU
		{CEE5F1AF-1CE3-4022-9E0B-8AE98FE02140}.Release|Any CPU.Build.0 = Release|Any CPU
	EndGlobalSection
	GlobalSection(SolutionProperties) = preSolution
		HideSolutionNode = FALSE
	EndGlobalSection
	GlobalSection(ExtensibilityGlobals) = postSolution
		SolutionGuid = {F072AF47-58D7-4184-B455-8AAA16384AA4}
	EndGlobalSection
EndGlobal
