
Microsoft Visual Studio Solution File, Format Version 12.00
# Visual Studio Version 16
VisualStudioVersion = 16.0.31702.278
MinimumVisualStudioVersion = 10.0.40219.1
Project("{FAE04EC0-301F-11D3-BF4B-00C04F79EFBC}") = "Punto18_santiagoSancer", "Punto18_santiagoSancer\Punto18_santiagoSancer.csproj", "{FE61229D-652A-45FA-B4A1-81574CF6513A}"
EndProject
Global
	GlobalSection(SolutionConfigurationPlatforms) = preSolution
		Debug|Any CPU = Debug|Any CPU
		Release|Any CPU = Release|Any CPU
	EndGlobalSection
	GlobalSection(ProjectConfigurationPlatforms) = postSolution
		{FE61229D-652A-45FA-B4A1-81574CF6513A}.Debug|Any CPU.ActiveCfg = Debug|Any CPU
		{FE61229D-652A-45FA-B4A1-81574CF6513A}.Debug|Any CPU.Build.0 = Debug|Any CPU
		{FE61229D-652A-45FA-B4A1-81574CF6513A}.Release|Any CPU.ActiveCfg = Release|Any CPU
		{FE61229D-652A-45FA-B4A1-81574CF6513A}.Release|Any CPU.Build.0 = Release|Any CPU
	EndGlobalSection
	GlobalSection(SolutionProperties) = preSolution
		HideSolutionNode = FALSE
	EndGlobalSection
	GlobalSection(ExtensibilityGlobals) = postSolution
		SolutionGuid = {AFB81711-F8C4-4403-B463-E35A48A0C22B}
	EndGlobalSection
EndGlobal
