
Microsoft Visual Studio Solution File, Format Version 12.00
# Visual Studio Version 16
VisualStudioVersion = 16.0.31702.278
MinimumVisualStudioVersion = 10.0.40219.1
Project("{FAE04EC0-301F-11D3-BF4B-00C04F79EFBC}") = "Interfaces2", "Interfaces2\Interfaces2.csproj", "{9CB0F827-4D57-422B-8F2E-10A462DBAF9B}"
EndProject
Global
	GlobalSection(SolutionConfigurationPlatforms) = preSolution
		Debug|Any CPU = Debug|Any CPU
		Release|Any CPU = Release|Any CPU
	EndGlobalSection
	GlobalSection(ProjectConfigurationPlatforms) = postSolution
		{9CB0F827-4D57-422B-8F2E-10A462DBAF9B}.Debug|Any CPU.ActiveCfg = Debug|Any CPU
		{9CB0F827-4D57-422B-8F2E-10A462DBAF9B}.Debug|Any CPU.Build.0 = Debug|Any CPU
		{9CB0F827-4D57-422B-8F2E-10A462DBAF9B}.Release|Any CPU.ActiveCfg = Release|Any CPU
		{9CB0F827-4D57-422B-8F2E-10A462DBAF9B}.Release|Any CPU.Build.0 = Release|Any CPU
	EndGlobalSection
	GlobalSection(SolutionProperties) = preSolution
		HideSolutionNode = FALSE
	EndGlobalSection
	GlobalSection(ExtensibilityGlobals) = postSolution
		SolutionGuid = {8BA7549F-F503-482E-9F40-B9D238EDCBAF}
	EndGlobalSection
EndGlobal
