
Microsoft Visual Studio Solution File, Format Version 12.00
# Visual Studio Version 16
VisualStudioVersion = 16.0.31702.278
MinimumVisualStudioVersion = 10.0.40219.1
Project("{FAE04EC0-301F-11D3-BF4B-00C04F79EFBC}") = "Interfaces1", "Interfaces1\Interfaces1.csproj", "{779110C1-729B-4F18-85C8-366D135BC79F}"
EndProject
Global
	GlobalSection(SolutionConfigurationPlatforms) = preSolution
		Debug|Any CPU = Debug|Any CPU
		Release|Any CPU = Release|Any CPU
	EndGlobalSection
	GlobalSection(ProjectConfigurationPlatforms) = postSolution
		{779110C1-729B-4F18-85C8-366D135BC79F}.Debug|Any CPU.ActiveCfg = Debug|Any CPU
		{779110C1-729B-4F18-85C8-366D135BC79F}.Debug|Any CPU.Build.0 = Debug|Any CPU
		{779110C1-729B-4F18-85C8-366D135BC79F}.Release|Any CPU.ActiveCfg = Release|Any CPU
		{779110C1-729B-4F18-85C8-366D135BC79F}.Release|Any CPU.Build.0 = Release|Any CPU
	EndGlobalSection
	GlobalSection(SolutionProperties) = preSolution
		HideSolutionNode = FALSE
	EndGlobalSection
	GlobalSection(ExtensibilityGlobals) = postSolution
		SolutionGuid = {70C9B431-1EAE-4F83-AFCC-219B744B4BA2}
	EndGlobalSection
EndGlobal
